
Microsoft Visual Studio Solution File, Format Version 12.00
# Visual Studio Version 17
VisualStudioVersion = 17.2.32314.265
MinimumVisualStudioVersion = 10.0.40219.1
Project("{9A19103F-16F7-4668-BE54-9A1E7A4F7556}") = "Dummy.Api", "Dummy.Api\Dummy.Api.csproj", "{DD777B1E-5F64-449C-8836-CDB9EC2FB961}"
EndProject
Project("{FAE04EC0-301F-11D3-BF4B-00C04F79EFBC}") = "Dummy.Api.Tests.Unit", "Dummy.Api.Tests.Unit\Dummy.Api.Tests.Unit.csproj", "{94B532C1-9CB1-4097-8FD6-B0837FA4D452}"
EndProject
Global
	GlobalSection(SolutionConfigurationPlatforms) = preSolution
		Debug|Any CPU = Debug|Any CPU
		Release|Any CPU = Release|Any CPU
	EndGlobalSection
	GlobalSection(ProjectConfigurationPlatforms) = postSolution
		{DD777B1E-5F64-449C-8836-CDB9EC2FB961}.Debug|Any CPU.ActiveCfg = Debug|Any CPU
		{DD777B1E-5F64-449C-8836-CDB9EC2FB961}.Debug|Any CPU.Build.0 = Debug|Any CPU
		{DD777B1E-5F64-449C-8836-CDB9EC2FB961}.Release|Any CPU.ActiveCfg = Release|Any CPU
		{DD777B1E-5F64-449C-8836-CDB9EC2FB961}.Release|Any CPU.Build.0 = Release|Any CPU
		{94B532C1-9CB1-4097-8FD6-B0837FA4D452}.Debug|Any CPU.ActiveCfg = Debug|Any CPU
		{94B532C1-9CB1-4097-8FD6-B0837FA4D452}.Debug|Any CPU.Build.0 = Debug|Any CPU
		{94B532C1-9CB1-4097-8FD6-B0837FA4D452}.Release|Any CPU.ActiveCfg = Release|Any CPU
		{94B532C1-9CB1-4097-8FD6-B0837FA4D452}.Release|Any CPU.Build.0 = Release|Any CPU
	EndGlobalSection
	GlobalSection(SolutionProperties) = preSolution
		HideSolutionNode = FALSE
	EndGlobalSection
	GlobalSection(ExtensibilityGlobals) = postSolution
		SolutionGuid = {E8CD2E26-256F-4E3E-86A2-19CFF69D34E2}
	EndGlobalSection
EndGlobal
